
Microsoft Visual Studio Solution File, Format Version 12.00
# Visual Studio Version 17
VisualStudioVersion = 17.4.33205.214
MinimumVisualStudioVersion = 10.0.40219.1
Project("{9A19103F-16F7-4668-BE54-9A1E7A4F7556}") = "Snake", "Snake\Snake.csproj", "{C8D0EA9F-AF6E-4D04-8289-FF42CC09FF69}"
EndProject
Global
	GlobalSection(SolutionConfigurationPlatforms) = preSolution
		Debug|Any CPU = Debug|Any CPU
		Debug|x64 = Debug|x64
		Release|Any CPU = Release|Any CPU
		Release|x64 = Release|x64
		X64Release|Any CPU = X64Release|Any CPU
		X64Release|x64 = X64Release|x64
	EndGlobalSection
	GlobalSection(ProjectConfigurationPlatforms) = postSolution
		{C8D0EA9F-AF6E-4D04-8289-FF42CC09FF69}.Debug|Any CPU.ActiveCfg = Debug|Any CPU
		{C8D0EA9F-AF6E-4D04-8289-FF42CC09FF69}.Debug|Any CPU.Build.0 = Debug|Any CPU
		{C8D0EA9F-AF6E-4D04-8289-FF42CC09FF69}.Debug|x64.ActiveCfg = Debug|x64
		{C8D0EA9F-AF6E-4D04-8289-FF42CC09FF69}.Debug|x64.Build.0 = Debug|x64
		{C8D0EA9F-AF6E-4D04-8289-FF42CC09FF69}.Release|Any CPU.ActiveCfg = Release|Any CPU
		{C8D0EA9F-AF6E-4D04-8289-FF42CC09FF69}.Release|Any CPU.Build.0 = Release|Any CPU
		{C8D0EA9F-AF6E-4D04-8289-FF42CC09FF69}.Release|x64.ActiveCfg = Release|x64
		{C8D0EA9F-AF6E-4D04-8289-FF42CC09FF69}.Release|x64.Build.0 = Release|x64
		{C8D0EA9F-AF6E-4D04-8289-FF42CC09FF69}.X64Release|Any CPU.ActiveCfg = X64Release|Any CPU
		{C8D0EA9F-AF6E-4D04-8289-FF42CC09FF69}.X64Release|Any CPU.Build.0 = X64Release|Any CPU
		{C8D0EA9F-AF6E-4D04-8289-FF42CC09FF69}.X64Release|x64.ActiveCfg = X64Release|x64
		{C8D0EA9F-AF6E-4D04-8289-FF42CC09FF69}.X64Release|x64.Build.0 = X64Release|x64
	EndGlobalSection
	GlobalSection(SolutionProperties) = preSolution
		HideSolutionNode = FALSE
	EndGlobalSection
	GlobalSection(ExtensibilityGlobals) = postSolution
		SolutionGuid = {E528FCCF-8229-413B-88F4-ADF0B30B687E}
	EndGlobalSection
EndGlobal
